# Generated by buf. DO NOT EDIT.
version: v1
deps:
  - remote: buf.build
    owner: berty
    repository: weshnet
    commit: c72d5759847b4dedb5411c19485e1a37
    digest: shake256:8e64e9cc3f354fa90022ef562146d7f4e72d1de0584c799226a0f6cb8bb9cf52204176b1f6a0a3f6448b6ac3ad9a983c2a62e580aaed2a125880b5302e03fd30
  - remote: buf.build
    owner: gogo
    repository: protobuf
    commit: 5461a3dfa9d941da82028ab185dc2a0e
    digest: shake256:37c7c75224982038cb1abf45b481ef06716c1f806ffaa162018d0df092bd11a2a9b62c2d0dc0a2ae43beff86b6014fc0eb8c594ffd84d52ade4b08fca901eadc
