# Generated by buf. DO NOT EDIT.
version: v1
deps:
  - remote: buf.build
    owner: berty
    repository: weshnet
    commit: c7889cd7301e48d0a88b5cbd269e6add
    digest: shake256:70bacd1ec307a8ffaab85c8fd6afe1641d2301ee5a23f34a015838d2aa6ab0e8d375a81b6b8ed5a440039b36de7c5eb51357eb0ef994c4bd6c1a184910159ce7
  - remote: buf.build
    owner: gogo
    repository: protobuf
    commit: 5461a3dfa9d941da82028ab185dc2a0e
    digest: shake256:37c7c75224982038cb1abf45b481ef06716c1f806ffaa162018d0df092bd11a2a9b62c2d0dc0a2ae43beff86b6014fc0eb8c594ffd84d52ade4b08fca901eadc
