# Generated by buf. DO NOT EDIT.
version: v2
deps:
  - name: buf.build/berty/weshnet
    commit: a01c754f0f5441d4b4400796c7d170a2
    digest: b5:a86e409a453dabfa6c163ec30a0d7f9320de032f81b31bfbb988999ca0fecc2fb27f9b3b834ad4f1c3111bf4c50d3307bd22f51d528e8b08dd6dea9f43e21b5e
  - name: buf.build/gogo/protobuf
    commit: 5461a3dfa9d941da82028ab185dc2a0e
    digest: b5:8e9cf66be25ae4fac7fe0867742f41d008491cf1e0f49c488b42ce2fadb663970d4179472f8835dd58a61448464ba0ad9c2d19f464553f86ed137d9f59ec5dff
